
Microsoft Visual Studio Solution File, Format Version 12.00
# Visual Studio Version 17
VisualStudioVersion = 17.14.36301.6 d17.14
MinimumVisualStudioVersion = 10.0.40219.1
Project("{FAE04EC0-301F-11D3-BF4B-00C04F79EFBC}") = "Do_an_nhom10", "Do_an_nhom10.csproj", "{F92A0895-C17B-48D8-B384-60B291BD0A44}"
EndProject
Global
	GlobalSection(SolutionConfigurationPlatforms) = preSolution
		Debug|Any CPU = Debug|Any CPU
		Release|Any CPU = Release|Any CPU
	EndGlobalSection
	GlobalSection(ProjectConfigurationPlatforms) = postSolution
		{F92A0895-C17B-48D8-B384-60B291BD0A44}.Debug|Any CPU.ActiveCfg = Debug|Any CPU
		{F92A0895-C17B-48D8-B384-60B291BD0A44}.Debug|Any CPU.Build.0 = Debug|Any CPU
		{F92A0895-C17B-48D8-B384-60B291BD0A44}.Release|Any CPU.ActiveCfg = Release|Any CPU
		{F92A0895-C17B-48D8-B384-60B291BD0A44}.Release|Any CPU.Build.0 = Release|Any CPU
	EndGlobalSection
	GlobalSection(SolutionProperties) = preSolution
		HideSolutionNode = FALSE
	EndGlobalSection
	GlobalSection(ExtensibilityGlobals) = postSolution
		SolutionGuid = {3B2EC65B-6D3F-4237-B9AE-0693F73A1270}
	EndGlobalSection
EndGlobal
